
Microsoft Visual Studio Solution File, Format Version 12.00
# Visual Studio Version 17
VisualStudioVersion = 17.1.32421.90
MinimumVisualStudioVersion = 10.0.40219.1
Project("{FAE04EC0-301F-11D3-BF4B-00C04F79EFBC}") = "WarehouseManagement.ConsoleApp", "WarehouseManagement.ConsoleApp\WarehouseManagement.ConsoleApp.csproj", "{B3408B9E-6F2F-4390-BBCE-3A973DF35E66}"
EndProject
Global
	GlobalSection(SolutionConfigurationPlatforms) = preSolution
		Debug|Any CPU = Debug|Any CPU
		Release|Any CPU = Release|Any CPU
	EndGlobalSection
	GlobalSection(ProjectConfigurationPlatforms) = postSolution
		{B3408B9E-6F2F-4390-BBCE-3A973DF35E66}.Debug|Any CPU.ActiveCfg = Debug|Any CPU
		{B3408B9E-6F2F-4390-BBCE-3A973DF35E66}.Debug|Any CPU.Build.0 = Debug|Any CPU
		{B3408B9E-6F2F-4390-BBCE-3A973DF35E66}.Release|Any CPU.ActiveCfg = Release|Any CPU
		{B3408B9E-6F2F-4390-BBCE-3A973DF35E66}.Release|Any CPU.Build.0 = Release|Any CPU
	EndGlobalSection
	GlobalSection(SolutionProperties) = preSolution
		HideSolutionNode = FALSE
	EndGlobalSection
	GlobalSection(ExtensibilityGlobals) = postSolution
		SolutionGuid = {51FC8DF1-2EC9-4F94-94DE-03F317DAFF37}
	EndGlobalSection
EndGlobal
